{
  "name": "nodejs",
  "version": "1.0.0",
  "lockfileVersion": 2,
  "requires": true,
  "packages": {
    "": {
      "name": "nodejs",
      "version": "1.0.0",
      "license": "ISC",
      "dependencies": {
        "@rinatfe/ajs_browser_vs_js": "github:rinatfe/ajs_browser_vs_js"
      }
    },
    "node_modules/@rinatfe/ajs_browser_vs_js": {
      "version": "1.0.0",
      "resolved": "git+ssh://git@github.com/rinatfe/ajs_browser_vs_js.git#62cf1326a2359386bbcb757102c28577d8965c14",
      "license": "ISC"
    }
  },
  "dependencies": {
    "@rinatfe/ajs_browser_vs_js": {
      "version": "git+ssh://git@github.com/rinatfe/ajs_browser_vs_js.git#62cf1326a2359386bbcb757102c28577d8965c14",
      "from": "@rinatfe/ajs_browser_vs_js@github:rinatfe/ajs_browser_vs_js"
    }
  }
}
